
Microsoft Visual Studio Solution File, Format Version 12.00
# Visual Studio Version 17
VisualStudioVersion = 17.4.33205.214
MinimumVisualStudioVersion = 10.0.40219.1
Project("{FAE04EC0-301F-11D3-BF4B-00C04F79EFBC}") = "DatabaseFirstDemo", "DatabaseFirstDemo\DatabaseFirstDemo.csproj", "{3A843CF4-7CA5-4449-9E34-13119546368D}"
EndProject
Global
	GlobalSection(SolutionConfigurationPlatforms) = preSolution
		Debug|Any CPU = Debug|Any CPU
		Release|Any CPU = Release|Any CPU
	EndGlobalSection
	GlobalSection(ProjectConfigurationPlatforms) = postSolution
		{3A843CF4-7CA5-4449-9E34-13119546368D}.Debug|Any CPU.ActiveCfg = Debug|Any CPU
		{3A843CF4-7CA5-4449-9E34-13119546368D}.Debug|Any CPU.Build.0 = Debug|Any CPU
		{3A843CF4-7CA5-4449-9E34-13119546368D}.Release|Any CPU.ActiveCfg = Release|Any CPU
		{3A843CF4-7CA5-4449-9E34-13119546368D}.Release|Any CPU.Build.0 = Release|Any CPU
	EndGlobalSection
	GlobalSection(SolutionProperties) = preSolution
		HideSolutionNode = FALSE
	EndGlobalSection
	GlobalSection(ExtensibilityGlobals) = postSolution
		SolutionGuid = {4A949746-5009-4E03-9EBF-1CF758DEB94B}
	EndGlobalSection
EndGlobal
